// !$*UTF8*$!
{
	archiveVersion = 1;
	classes = {
	};
	objectVersion = 77;
	objects = {

/* Begin PBXAggregateTarget section */
		AA0000032F900000514AED01 /* share-rust */ = {
			isa = PBXAggregateTarget;
			buildConfigurationList = AA0000042F900000514AED01 /* Build configuration list for PBXAggregateTarget "share-rust" */;
			buildPhases = (
				AA0000022F900000514AED01 /* Build Rust Share Library */,
			);
			dependencies = (
			);
			name = "share-rust";
			productName = "share-rust";
		};
/* End PBXAggregateTarget section */

/* Begin PBXBuildFile section */
		551E697A2F82655900FC9136 /* share.appex in Embed Foundation Extensions */ = {isa = PBXBuildFile; fileRef = 551E696E2F82655900FC9136 /* share.appex */; settings = {ATTRIBUTES = (RemoveHeadersOnCopy, ); }; };
		55FBB01C2F8189F000514AED /* UniformTypeIdentifiers.framework in Frameworks */ = {isa = PBXBuildFile; fileRef = 55FBB01B2F8189F000514AED /* UniformTypeIdentifiers.framework */; };
		55FBB0282F8189F000514AED /* vfs.appex in Embed Foundation Extensions */ = {isa = PBXBuildFile; fileRef = 55FBB0192F8189F000514AED /* vfs.appex */; settings = {ATTRIBUTES = (RemoveHeadersOnCopy, ); }; };
/* End PBXBuildFile section */

/* Begin PBXContainerItemProxy section */
		551E69782F82655900FC9136 /* PBXContainerItemProxy */ = {
			isa = PBXContainerItemProxy;
			containerPortal = 55FBAFE32F81888000514AED /* Project object */;
			proxyType = 1;
			remoteGlobalIDString = 551E696D2F82655900FC9136;
			remoteInfo = share;
		};
		55FBB0262F8189F000514AED /* PBXContainerItemProxy */ = {
			isa = PBXContainerItemProxy;
			containerPortal = 55FBAFE32F81888000514AED /* Project object */;
			proxyType = 1;
			remoteGlobalIDString = 55FBB0182F8189F000514AED;
			remoteInfo = vfs;
		};
		AA0000052F900000514AED01 /* PBXContainerItemProxy */ = {
			isa = PBXContainerItemProxy;
			containerPortal = 55FBAFE32F81888000514AED /* Project object */;
			proxyType = 1;
			remoteGlobalIDString = AA0000032F900000514AED01;
			remoteInfo = "share-rust";
		};
/* End PBXContainerItemProxy section */

/* Begin PBXCopyFilesBuildPhase section */
		55FBB02D2F8189F000514AED /* Embed Foundation Extensions */ = {
			isa = PBXCopyFilesBuildPhase;
			buildActionMask = 2147483647;
			dstPath = "";
			dstSubfolderSpec = 13;
			files = (
				551E697A2F82655900FC9136 /* share.appex in Embed Foundation Extensions */,
				55FBB0282F8189F000514AED /* vfs.appex in Embed Foundation Extensions */,
			);
			name = "Embed Foundation Extensions";
			runOnlyForDeploymentPostprocessing = 0;
		};
/* End PBXCopyFilesBuildPhase section */

/* Begin PBXFileReference section */
		551E696E2F82655900FC9136 /* share.appex */ = {isa = PBXFileReference; explicitFileType = "wrapper.app-extension"; includeInIndex = 0; path = share.appex; sourceTree = BUILT_PRODUCTS_DIR; };
		55FBAFEB2F81888100514AED /* OSDrive.app */ = {isa = PBXFileReference; explicitFileType = wrapper.application; includeInIndex = 0; path = OSDrive.app; sourceTree = BUILT_PRODUCTS_DIR; };
		55FBB0192F8189F000514AED /* vfs.appex */ = {isa = PBXFileReference; explicitFileType = "wrapper.app-extension"; includeInIndex = 0; path = vfs.appex; sourceTree = BUILT_PRODUCTS_DIR; };
		55FBB01B2F8189F000514AED /* UniformTypeIdentifiers.framework */ = {isa = PBXFileReference; lastKnownFileType = wrapper.framework; name = UniformTypeIdentifiers.framework; path = System/Library/Frameworks/UniformTypeIdentifiers.framework; sourceTree = SDKROOT; };
/* End PBXFileReference section */

/* Begin PBXFileSystemSynchronizedBuildFileExceptionSet section */
		551E697D2F82655900FC9136 /* Exceptions for "share" folder in "share" target */ = {
			isa = PBXFileSystemSynchronizedBuildFileExceptionSet;
			membershipExceptions = (
				Info.plist,
			);
			target = 551E696D2F82655900FC9136 /* share */;
		};
		55FBAFEE2F81888100514AED /* Exceptions for "desktop" folder in "desktop" target */ = {
			isa = PBXFileSystemSynchronizedBuildFileExceptionSet;
			membershipExceptions = (
				Info.plist,
			);
			target = 55FBAFEA2F81888000514AED /* desktop */;
		};
		55FBB0292F8189F000514AED /* Exceptions for "vfs" folder in "vfs" target */ = {
			isa = PBXFileSystemSynchronizedBuildFileExceptionSet;
			membershipExceptions = (
				Info.plist,
			);
			target = 55FBB0182F8189F000514AED /* vfs */;
		};
/* End PBXFileSystemSynchronizedBuildFileExceptionSet section */

/* Begin PBXFileSystemSynchronizedRootGroup section */
		551E696F2F82655900FC9136 /* share */ = {
			isa = PBXFileSystemSynchronizedRootGroup;
			exceptions = (
				551E697D2F82655900FC9136 /* Exceptions for "share" folder in "share" target */,
			);
			path = share;
			sourceTree = "<group>";
		};
		55FBAFED2F81888100514AED /* desktop */ = {
			isa = PBXFileSystemSynchronizedRootGroup;
			exceptions = (
				55FBAFEE2F81888100514AED /* Exceptions for "desktop" folder in "desktop" target */,
			);
			path = desktop;
			sourceTree = "<group>";
		};
		55FBB01D2F8189F000514AED /* vfs */ = {
			isa = PBXFileSystemSynchronizedRootGroup;
			exceptions = (
				55FBB0292F8189F000514AED /* Exceptions for "vfs" folder in "vfs" target */,
			);
			path = vfs;
			sourceTree = "<group>";
		};
/* End PBXFileSystemSynchronizedRootGroup section */

/* Begin PBXFrameworksBuildPhase section */
		551E696B2F82655900FC9136 /* Frameworks */ = {
			isa = PBXFrameworksBuildPhase;
			buildActionMask = 2147483647;
			files = (
			);
			runOnlyForDeploymentPostprocessing = 0;
		};
		55FBAFE82F81888000514AED /* Frameworks */ = {
			isa = PBXFrameworksBuildPhase;
			buildActionMask = 2147483647;
			files = (
			);
			runOnlyForDeploymentPostprocessing = 0;
		};
		55FBB0162F8189F000514AED /* Frameworks */ = {
			isa = PBXFrameworksBuildPhase;
			buildActionMask = 2147483647;
			files = (
				55FBB01C2F8189F000514AED /* UniformTypeIdentifiers.framework in Frameworks */,
			);
			runOnlyForDeploymentPostprocessing = 0;
		};
/* End PBXFrameworksBuildPhase section */

/* Begin PBXGroup section */
		55FBAFE22F81888000514AED = {
			isa = PBXGroup;
			children = (
				55FBAFED2F81888100514AED /* desktop */,
				55FBB01D2F8189F000514AED /* vfs */,
				551E696F2F82655900FC9136 /* share */,
				55FBB01A2F8189F000514AED /* Frameworks */,
				55FBAFEC2F81888100514AED /* Products */,
			);
			sourceTree = "<group>";
		};
		55FBAFEC2F81888100514AED /* Products */ = {
			isa = PBXGroup;
			children = (
				55FBAFEB2F81888100514AED /* OSDrive.app */,
				55FBB0192F8189F000514AED /* vfs.appex */,
				551E696E2F82655900FC9136 /* share.appex */,
			);
			name = Products;
			sourceTree = "<group>";
		};
		55FBB01A2F8189F000514AED /* Frameworks */ = {
			isa = PBXGroup;
			children = (
				55FBB01B2F8189F000514AED /* UniformTypeIdentifiers.framework */,
			);
			name = Frameworks;
			sourceTree = "<group>";
		};
/* End PBXGroup section */

/* Begin PBXNativeTarget section */
		551E696D2F82655900FC9136 /* share */ = {
			isa = PBXNativeTarget;
			buildConfigurationList = 551E697E2F82655900FC9136 /* Build configuration list for PBXNativeTarget "share" */;
			buildPhases = (
				551E696A2F82655900FC9136 /* Sources */,
				551E696B2F82655900FC9136 /* Frameworks */,
				551E696C2F82655900FC9136 /* Resources */,
			);
			buildRules = (
			);
			dependencies = (
				AA0000062F900000514AED01 /* PBXTargetDependency */,
			);
			fileSystemSynchronizedGroups = (
				551E696F2F82655900FC9136 /* share */,
			);
			name = share;
			packageProductDependencies = (
			);
			productName = share;
			productReference = 551E696E2F82655900FC9136 /* share.appex */;
			productType = "com.apple.product-type.app-extension";
		};
		55FBAFEA2F81888000514AED /* desktop */ = {
			isa = PBXNativeTarget;
			buildConfigurationList = 55FBB00C2F81888300514AED /* Build configuration list for PBXNativeTarget "desktop" */;
			buildPhases = (
				55FBAFE72F81888000514AED /* Sources */,
				55FBAFE82F81888000514AED /* Frameworks */,
				55FBAFE92F81888000514AED /* Resources */,
				AA0000012F900000514AED01 /* Bundle Rust Executable */,
				55FBB02D2F8189F000514AED /* Embed Foundation Extensions */,
			);
			buildRules = (
			);
			dependencies = (
				55FBB0272F8189F000514AED /* PBXTargetDependency */,
				551E69792F82655900FC9136 /* PBXTargetDependency */,
			);
			fileSystemSynchronizedGroups = (
				55FBAFED2F81888100514AED /* desktop */,
			);
			name = desktop;
			packageProductDependencies = (
			);
			productName = desktop;
			productReference = 55FBAFEB2F81888100514AED /* OSDrive.app */;
			productType = "com.apple.product-type.application";
		};
		55FBB0182F8189F000514AED /* vfs */ = {
			isa = PBXNativeTarget;
			buildConfigurationList = 55FBB02A2F8189F000514AED /* Build configuration list for PBXNativeTarget "vfs" */;
			buildPhases = (
				55FBB0152F8189F000514AED /* Sources */,
				55FBB0162F8189F000514AED /* Frameworks */,
				55FBB0172F8189F000514AED /* Resources */,
			);
			buildRules = (
			);
			dependencies = (
				AA0000062F900000514AED01 /* PBXTargetDependency */,
			);
			fileSystemSynchronizedGroups = (
				55FBB01D2F8189F000514AED /* vfs */,
			);
			name = vfs;
			packageProductDependencies = (
			);
			productName = vfs;
			productReference = 55FBB0192F8189F000514AED /* vfs.appex */;
			productType = "com.apple.product-type.app-extension";
		};
/* End PBXNativeTarget section */

/* Begin PBXProject section */
		55FBAFE32F81888000514AED /* Project object */ = {
			isa = PBXProject;
			attributes = {
				BuildIndependentTargetsInParallel = 1;
				LastSwiftUpdateCheck = 2640;
				LastUpgradeCheck = 2640;
				TargetAttributes = {
					551E696D2F82655900FC9136 = {
						CreatedOnToolsVersion = 26.4;
					};
					55FBAFEA2F81888000514AED = {
						CreatedOnToolsVersion = 26.4;
					};
					55FBB0182F8189F000514AED = {
						CreatedOnToolsVersion = 26.4;
					};
					AA0000032F900000514AED01 = {
						CreatedOnToolsVersion = 26.4;
					};
				};
			};
			buildConfigurationList = 55FBAFE62F81888000514AED /* Build configuration list for PBXProject "OSDrive" */;
			developmentRegion = en;
			hasScannedForEncodings = 0;
			knownRegions = (
				en,
				Base,
			);
			mainGroup = 55FBAFE22F81888000514AED;
			minimizedProjectReferenceProxies = 1;
			preferredProjectObjectVersion = 77;
			productRefGroup = 55FBAFEC2F81888100514AED /* Products */;
			projectDirPath = "";
			projectRoot = "";
			targets = (
				AA0000032F900000514AED01 /* share-rust */,
				55FBAFEA2F81888000514AED /* desktop */,
				55FBB0182F8189F000514AED /* vfs */,
				551E696D2F82655900FC9136 /* share */,
			);
		};
/* End PBXProject section */

/* Begin PBXResourcesBuildPhase section */
		551E696C2F82655900FC9136 /* Resources */ = {
			isa = PBXResourcesBuildPhase;
			buildActionMask = 2147483647;
			files = (
			);
			runOnlyForDeploymentPostprocessing = 0;
		};
		55FBAFE92F81888000514AED /* Resources */ = {
			isa = PBXResourcesBuildPhase;
			buildActionMask = 2147483647;
			files = (
			);
			runOnlyForDeploymentPostprocessing = 0;
		};
		55FBB0172F8189F000514AED /* Resources */ = {
			isa = PBXResourcesBuildPhase;
			buildActionMask = 2147483647;
			files = (
			);
			runOnlyForDeploymentPostprocessing = 0;
		};
/* End PBXResourcesBuildPhase section */

/* Begin PBXShellScriptBuildPhase section */
		AA0000012F900000514AED01 /* Bundle Rust Executable */ = {
			isa = PBXShellScriptBuildPhase;
			buildActionMask = 2147483647;
			files = (
			);
			inputFileListPaths = (
			);
			inputPaths = (
				"$(SRCROOT)/build-rust.sh",
				"$(SRCROOT)/../Cargo.toml",
			);
			name = "Bundle Rust Executable";
			outputFileListPaths = (
			);
			outputPaths = (
				"$(TARGET_BUILD_DIR)/$(EXECUTABLE_PATH)",
			);
			runOnlyForDeploymentPostprocessing = 0;
			shellPath = /bin/sh;
			shellScript = "\"$SRCROOT/build-rust.sh\"";
		};
		AA0000022F900000514AED01 /* Build Rust Share Library */ = {
			isa = PBXShellScriptBuildPhase;
			alwaysOutOfDate = 1;
			buildActionMask = 2147483647;
			files = (
			);
			inputFileListPaths = (
			);
			inputPaths = (
				"$(SRCROOT)/build-rust-share.sh",
				"$(SRCROOT)/../Cargo.toml",
			);
			name = "Build Rust Share Library";
			outputFileListPaths = (
			);
			outputPaths = (
				"$(BUILT_PRODUCTS_DIR)/libosdrive_share.a",
			);
			runOnlyForDeploymentPostprocessing = 0;
			shellPath = /bin/sh;
			shellScript = "sh \"$SRCROOT/build-rust-share.sh\"";
		};
/* End PBXShellScriptBuildPhase section */

/* Begin PBXSourcesBuildPhase section */
		551E696A2F82655900FC9136 /* Sources */ = {
			isa = PBXSourcesBuildPhase;
			buildActionMask = 2147483647;
			files = (
			);
			runOnlyForDeploymentPostprocessing = 0;
		};
		55FBAFE72F81888000514AED /* Sources */ = {
			isa = PBXSourcesBuildPhase;
			buildActionMask = 2147483647;
			files = (
			);
			runOnlyForDeploymentPostprocessing = 0;
		};
		55FBB0152F8189F000514AED /* Sources */ = {
			isa = PBXSourcesBuildPhase;
			buildActionMask = 2147483647;
			files = (
			);
			runOnlyForDeploymentPostprocessing = 0;
		};
/* End PBXSourcesBuildPhase section */

/* Begin PBXTargetDependency section */
		551E69792F82655900FC9136 /* PBXTargetDependency */ = {
			isa = PBXTargetDependency;
			target = 551E696D2F82655900FC9136 /* share */;
			targetProxy = 551E69782F82655900FC9136 /* PBXContainerItemProxy */;
		};
		55FBB0272F8189F000514AED /* PBXTargetDependency */ = {
			isa = PBXTargetDependency;
			target = 55FBB0182F8189F000514AED /* vfs */;
			targetProxy = 55FBB0262F8189F000514AED /* PBXContainerItemProxy */;
		};
		AA0000062F900000514AED01 /* PBXTargetDependency */ = {
			isa = PBXTargetDependency;
			target = AA0000032F900000514AED01 /* share-rust */;
			targetProxy = AA0000052F900000514AED01 /* PBXContainerItemProxy */;
		};
/* End PBXTargetDependency section */

/* Begin XCBuildConfiguration section */
		551E697B2F82655900FC9136 /* Debug */ = {
			isa = XCBuildConfiguration;
			buildSettings = {
				APP_ICON_NAME = "icon-dark";
				ASSETCATALOG_COMPILER_APPICON_NAME = "$(APP_ICON_NAME)";
				CODE_SIGN_ENTITLEMENTS = share/share.entitlements;
				CODE_SIGN_STYLE = Automatic;
				COMBINE_HIDPI_IMAGES = YES;
				CURRENT_PROJECT_VERSION = 1;
				DEVELOPMENT_TEAM = 68994Z5PT3;
				ENABLE_APP_SANDBOX = YES;
				ENABLE_HARDENED_RUNTIME = YES;
				ENABLE_USER_SELECTED_FILES = readwrite;
				GENERATE_INFOPLIST_FILE = YES;
				INFOPLIST_FILE = share/Info.plist;
				INFOPLIST_KEY_CFBundleDisplayName = "OSDrive";
				INFOPLIST_KEY_NSHumanReadableCopyright = "";
				LD_RUNPATH_SEARCH_PATHS = (
					"$(inherited)",
					"@executable_path/../Frameworks",
					"@executable_path/../../../../Frameworks",
				);
				MARKETING_VERSION = 0.0.1;
				OSDRIVE_APP_GROUP_IDENTIFIER = "group.app.osdrive.app.dev";
				OSDRIVE_SERVER_URL = "http://localhost:5173";
				OTHER_LDFLAGS = (
					"$(inherited)",
					"$(BUILT_PRODUCTS_DIR)/libosdrive_share.a",
				);
				PRODUCT_BUNDLE_IDENTIFIER = app.osdrive.app.dev.share;
				PRODUCT_NAME = "$(TARGET_NAME)";
				SKIP_INSTALL = YES;
				STRING_CATALOG_GENERATE_SYMBOLS = YES;
				SWIFT_APPROACHABLE_CONCURRENCY = YES;
				SWIFT_EMIT_LOC_STRINGS = YES;
				SWIFT_OBJC_BRIDGING_HEADER = "share/Share-Bridging-Header.h";
				SWIFT_UPCOMING_FEATURE_MEMBER_IMPORT_VISIBILITY = YES;
				SWIFT_VERSION = 5.0;
			};
			name = Debug;
		};
		551E697C2F82655900FC9136 /* Release */ = {
			isa = XCBuildConfiguration;
			buildSettings = {
				APP_ICON_NAME = "icon-light";
				ASSETCATALOG_COMPILER_APPICON_NAME = "$(APP_ICON_NAME)";
				CODE_SIGN_ENTITLEMENTS = share/share.entitlements;
				CODE_SIGN_STYLE = Automatic;
				COMBINE_HIDPI_IMAGES = YES;
				CURRENT_PROJECT_VERSION = 1;
				DEVELOPMENT_TEAM = 68994Z5PT3;
				ENABLE_APP_SANDBOX = YES;
				ENABLE_HARDENED_RUNTIME = YES;
				ENABLE_USER_SELECTED_FILES = readwrite;
				GENERATE_INFOPLIST_FILE = YES;
				INFOPLIST_FILE = share/Info.plist;
				INFOPLIST_KEY_CFBundleDisplayName = "OSDrive";
				INFOPLIST_KEY_NSHumanReadableCopyright = "";
				LD_RUNPATH_SEARCH_PATHS = (
					"$(inherited)",
					"@executable_path/../Frameworks",
					"@executable_path/../../../../Frameworks",
				);
				MARKETING_VERSION = 0.0.1;
				OSDRIVE_APP_GROUP_IDENTIFIER = "group.app.osdrive.app";
				OSDRIVE_SERVER_URL = "https://osdrive.app";
				OTHER_LDFLAGS = (
					"$(inherited)",
					"$(BUILT_PRODUCTS_DIR)/libosdrive_share.a",
				);
				PRODUCT_BUNDLE_IDENTIFIER = app.osdrive.app.share;
				PRODUCT_NAME = "$(TARGET_NAME)";
				SKIP_INSTALL = YES;
				STRING_CATALOG_GENERATE_SYMBOLS = YES;
				SWIFT_APPROACHABLE_CONCURRENCY = YES;
				SWIFT_EMIT_LOC_STRINGS = YES;
				SWIFT_OBJC_BRIDGING_HEADER = "share/Share-Bridging-Header.h";
				SWIFT_UPCOMING_FEATURE_MEMBER_IMPORT_VISIBILITY = YES;
				SWIFT_VERSION = 5.0;
			};
			name = Release;
		};
		55FBB00A2F81888300514AED /* Debug */ = {
			isa = XCBuildConfiguration;
			buildSettings = {
				ALWAYS_SEARCH_USER_PATHS = NO;
				APP_ICON_NAME = "icon-dark";
				ASSETCATALOG_COMPILER_GENERATE_SWIFT_ASSET_SYMBOL_EXTENSIONS = YES;
				CLANG_ANALYZER_NONNULL = YES;
				CLANG_ANALYZER_NUMBER_OBJECT_CONVERSION = YES_AGGRESSIVE;
				CLANG_CXX_LANGUAGE_STANDARD = "gnu++20";
				CLANG_ENABLE_MODULES = YES;
				CLANG_ENABLE_OBJC_ARC = YES;
				CLANG_ENABLE_OBJC_WEAK = YES;
				CLANG_WARN_BLOCK_CAPTURE_AUTORELEASING = YES;
				CLANG_WARN_BOOL_CONVERSION = YES;
				CLANG_WARN_COMMA = YES;
				CLANG_WARN_CONSTANT_CONVERSION = YES;
				CLANG_WARN_DEPRECATED_OBJC_IMPLEMENTATIONS = YES;
				CLANG_WARN_DIRECT_OBJC_ISA_USAGE = YES_ERROR;
				CLANG_WARN_DOCUMENTATION_COMMENTS = YES;
				CLANG_WARN_EMPTY_BODY = YES;
				CLANG_WARN_ENUM_CONVERSION = YES;
				CLANG_WARN_INFINITE_RECURSION = YES;
				CLANG_WARN_INT_CONVERSION = YES;
				CLANG_WARN_NON_LITERAL_NULL_CONVERSION = YES;
				CLANG_WARN_OBJC_IMPLICIT_RETAIN_SELF = YES;
				CLANG_WARN_OBJC_LITERAL_CONVERSION = YES;
				CLANG_WARN_OBJC_ROOT_CLASS = YES_ERROR;
				CLANG_WARN_QUOTED_INCLUDE_IN_FRAMEWORK_HEADER = YES;
				CLANG_WARN_RANGE_LOOP_ANALYSIS = YES;
				CLANG_WARN_STRICT_PROTOTYPES = YES;
				CLANG_WARN_SUSPICIOUS_MOVE = YES;
				CLANG_WARN_UNGUARDED_AVAILABILITY = YES_AGGRESSIVE;
				CLANG_WARN_UNREACHABLE_CODE = YES;
				CLANG_WARN__DUPLICATE_METHOD_MATCH = YES;
				COPY_PHASE_STRIP = NO;
				DEBUG_INFORMATION_FORMAT = dwarf;
				DEVELOPMENT_TEAM = 68994Z5PT3;
				ENABLE_STRICT_OBJC_MSGSEND = YES;
				ENABLE_TESTABILITY = YES;
				ENABLE_USER_SCRIPT_SANDBOXING = YES;
				GCC_C_LANGUAGE_STANDARD = gnu17;
				GCC_DYNAMIC_NO_PIC = NO;
				GCC_NO_COMMON_BLOCKS = YES;
				GCC_OPTIMIZATION_LEVEL = 0;
				GCC_PREPROCESSOR_DEFINITIONS = (
					"DEBUG=1",
					"$(inherited)",
				);
				GCC_WARN_64_TO_32_BIT_CONVERSION = YES;
				GCC_WARN_ABOUT_RETURN_TYPE = YES_ERROR;
				GCC_WARN_UNDECLARED_SELECTOR = YES;
				GCC_WARN_UNINITIALIZED_AUTOS = YES_AGGRESSIVE;
				GCC_WARN_UNUSED_FUNCTION = YES;
				GCC_WARN_UNUSED_VARIABLE = YES;
				LOCALIZATION_PREFERS_STRING_CATALOGS = YES;
				MACOSX_DEPLOYMENT_TARGET = 26.3;
				MTL_ENABLE_DEBUG_INFO = INCLUDE_SOURCE;
				MTL_FAST_MATH = YES;
				ONLY_ACTIVE_ARCH = YES;
				SDKROOT = macosx;
				SWIFT_ACTIVE_COMPILATION_CONDITIONS = "DEBUG $(inherited)";
				SWIFT_OPTIMIZATION_LEVEL = "-Onone";
			};
			name = Debug;
		};
		55FBB00B2F81888300514AED /* Release */ = {
			isa = XCBuildConfiguration;
			buildSettings = {
				ALWAYS_SEARCH_USER_PATHS = NO;
				APP_ICON_NAME = "icon-light";
				ASSETCATALOG_COMPILER_GENERATE_SWIFT_ASSET_SYMBOL_EXTENSIONS = YES;
				CLANG_ANALYZER_NONNULL = YES;
				CLANG_ANALYZER_NUMBER_OBJECT_CONVERSION = YES_AGGRESSIVE;
				CLANG_CXX_LANGUAGE_STANDARD = "gnu++20";
				CLANG_ENABLE_MODULES = YES;
				CLANG_ENABLE_OBJC_ARC = YES;
				CLANG_ENABLE_OBJC_WEAK = YES;
				CLANG_WARN_BLOCK_CAPTURE_AUTORELEASING = YES;
				CLANG_WARN_BOOL_CONVERSION = YES;
				CLANG_WARN_COMMA = YES;
				CLANG_WARN_CONSTANT_CONVERSION = YES;
				CLANG_WARN_DEPRECATED_OBJC_IMPLEMENTATIONS = YES;
				CLANG_WARN_DIRECT_OBJC_ISA_USAGE = YES_ERROR;
				CLANG_WARN_DOCUMENTATION_COMMENTS = YES;
				CLANG_WARN_EMPTY_BODY = YES;
				CLANG_WARN_ENUM_CONVERSION = YES;
				CLANG_WARN_INFINITE_RECURSION = YES;
				CLANG_WARN_INT_CONVERSION = YES;
				CLANG_WARN_NON_LITERAL_NULL_CONVERSION = YES;
				CLANG_WARN_OBJC_IMPLICIT_RETAIN_SELF = YES;
				CLANG_WARN_OBJC_LITERAL_CONVERSION = YES;
				CLANG_WARN_OBJC_ROOT_CLASS = YES_ERROR;
				CLANG_WARN_QUOTED_INCLUDE_IN_FRAMEWORK_HEADER = YES;
				CLANG_WARN_RANGE_LOOP_ANALYSIS = YES;
				CLANG_WARN_STRICT_PROTOTYPES = YES;
				CLANG_WARN_SUSPICIOUS_MOVE = YES;
				CLANG_WARN_UNGUARDED_AVAILABILITY = YES_AGGRESSIVE;
				CLANG_WARN_UNREACHABLE_CODE = YES;
				CLANG_WARN__DUPLICATE_METHOD_MATCH = YES;
				COPY_PHASE_STRIP = NO;
				DEBUG_INFORMATION_FORMAT = "dwarf-with-dsym";
				DEVELOPMENT_TEAM = 68994Z5PT3;
				ENABLE_NS_ASSERTIONS = NO;
				ENABLE_STRICT_OBJC_MSGSEND = YES;
				ENABLE_USER_SCRIPT_SANDBOXING = YES;
				GCC_C_LANGUAGE_STANDARD = gnu17;
				GCC_NO_COMMON_BLOCKS = YES;
				GCC_WARN_64_TO_32_BIT_CONVERSION = YES;
				GCC_WARN_ABOUT_RETURN_TYPE = YES_ERROR;
				GCC_WARN_UNDECLARED_SELECTOR = YES;
				GCC_WARN_UNINITIALIZED_AUTOS = YES_AGGRESSIVE;
				GCC_WARN_UNUSED_FUNCTION = YES;
				GCC_WARN_UNUSED_VARIABLE = YES;
				LOCALIZATION_PREFERS_STRING_CATALOGS = YES;
				MACOSX_DEPLOYMENT_TARGET = 26.3;
				MTL_ENABLE_DEBUG_INFO = NO;
				MTL_FAST_MATH = YES;
				SDKROOT = macosx;
				SWIFT_COMPILATION_MODE = wholemodule;
			};
			name = Release;
		};
		55FBB00D2F81888300514AED /* Debug */ = {
			isa = XCBuildConfiguration;
			buildSettings = {
				ASSETCATALOG_COMPILER_APPICON_NAME = "$(APP_ICON_NAME)";
				ASSETCATALOG_COMPILER_GLOBAL_ACCENT_COLOR_NAME = AccentColor;
				CODE_SIGN_ENTITLEMENTS = desktop/desktop.entitlements;
				CODE_SIGN_STYLE = Automatic;
				COMBINE_HIDPI_IMAGES = YES;
				CURRENT_PROJECT_VERSION = 1;
				DEVELOPMENT_TEAM = 68994Z5PT3;
				ENABLE_APP_SANDBOX = YES;
				ENABLE_HARDENED_RUNTIME = YES;
				ENABLE_PREVIEWS = YES;
				ENABLE_USER_SELECTED_FILES = readonly;
				GENERATE_INFOPLIST_FILE = YES;
				INFOPLIST_FILE = desktop/Info.plist;
				INFOPLIST_KEY_CFBundleDisplayName = "OSDrive (Development)";
				INFOPLIST_KEY_CFBundleName = "OSDrive (Development)";
				INFOPLIST_KEY_NSHumanReadableCopyright = "";
				LD_RUNPATH_SEARCH_PATHS = (
					"$(inherited)",
					"@executable_path/../Frameworks",
				);
				MARKETING_VERSION = 0.0.1;
				OSDRIVE_APP_GROUP_IDENTIFIER = "group.app.osdrive.app.dev";
				PRODUCT_BUNDLE_IDENTIFIER = app.osdrive.app.dev;
				PRODUCT_NAME = "OSDrive (Development)";
				REGISTER_APP_GROUPS = YES;
				STRING_CATALOG_GENERATE_SYMBOLS = YES;
				SWIFT_APPROACHABLE_CONCURRENCY = YES;
				SWIFT_DEFAULT_ACTOR_ISOLATION = MainActor;
				SWIFT_EMIT_LOC_STRINGS = YES;
				SWIFT_UPCOMING_FEATURE_MEMBER_IMPORT_VISIBILITY = YES;
				SWIFT_VERSION = 5.0;
			};
			name = Debug;
		};
		55FBB00E2F81888300514AED /* Release */ = {
			isa = XCBuildConfiguration;
			buildSettings = {
				ASSETCATALOG_COMPILER_APPICON_NAME = "$(APP_ICON_NAME)";
				ASSETCATALOG_COMPILER_GLOBAL_ACCENT_COLOR_NAME = AccentColor;
				CODE_SIGN_ENTITLEMENTS = desktop/desktop.entitlements;
				CODE_SIGN_STYLE = Automatic;
				COMBINE_HIDPI_IMAGES = YES;
				CURRENT_PROJECT_VERSION = 1;
				DEVELOPMENT_TEAM = 68994Z5PT3;
				ENABLE_APP_SANDBOX = YES;
				ENABLE_HARDENED_RUNTIME = YES;
				ENABLE_PREVIEWS = YES;
				ENABLE_USER_SELECTED_FILES = readonly;
				GENERATE_INFOPLIST_FILE = YES;
				INFOPLIST_FILE = desktop/Info.plist;
				INFOPLIST_KEY_CFBundleDisplayName = OSDrive;
				INFOPLIST_KEY_CFBundleName = OSDrive;
				INFOPLIST_KEY_NSHumanReadableCopyright = "";
				LD_RUNPATH_SEARCH_PATHS = (
					"$(inherited)",
					"@executable_path/../Frameworks",
				);
				MARKETING_VERSION = 0.0.1;
				OSDRIVE_APP_GROUP_IDENTIFIER = "group.app.osdrive.app";
				PRODUCT_BUNDLE_IDENTIFIER = app.osdrive.app;
				PRODUCT_NAME = OSDrive;
				REGISTER_APP_GROUPS = YES;
				STRING_CATALOG_GENERATE_SYMBOLS = YES;
				SWIFT_APPROACHABLE_CONCURRENCY = YES;
				SWIFT_DEFAULT_ACTOR_ISOLATION = MainActor;
				SWIFT_EMIT_LOC_STRINGS = YES;
				SWIFT_UPCOMING_FEATURE_MEMBER_IMPORT_VISIBILITY = YES;
				SWIFT_VERSION = 5.0;
			};
			name = Release;
		};
		55FBB02B2F8189F000514AED /* Debug */ = {
			isa = XCBuildConfiguration;
			buildSettings = {
				ASSETCATALOG_COMPILER_APPICON_NAME = "$(APP_ICON_NAME)";
				CODE_SIGN_ENTITLEMENTS = vfs/vfs.entitlements;
				CODE_SIGN_STYLE = Automatic;
				CURRENT_PROJECT_VERSION = 1;
				DEVELOPMENT_TEAM = 68994Z5PT3;
				ENABLE_APP_SANDBOX = YES;
				ENABLE_HARDENED_RUNTIME = YES;
				GENERATE_INFOPLIST_FILE = YES;
				INFOPLIST_FILE = vfs/Info.plist;
				INFOPLIST_KEY_CFBundleDisplayName = OSDrive;
				INFOPLIST_KEY_CFBundleName = OSDrive;
				INFOPLIST_KEY_NSHumanReadableCopyright = "";
				LD_RUNPATH_SEARCH_PATHS = (
					"$(inherited)",
					"@executable_path/../Frameworks",
					"@executable_path/../../../../Frameworks",
				);
				MARKETING_VERSION = 0.0.1;
				OSDRIVE_APP_GROUP_IDENTIFIER = "group.app.osdrive.app.dev";
				OTHER_LDFLAGS = (
					"$(inherited)",
					"$(BUILT_PRODUCTS_DIR)/libosdrive_share.a",
				);
				PRODUCT_BUNDLE_IDENTIFIER = app.osdrive.app.dev.vfs;
				PRODUCT_NAME = "$(TARGET_NAME)";
				SKIP_INSTALL = YES;
				STRING_CATALOG_GENERATE_SYMBOLS = YES;
				SWIFT_APPROACHABLE_CONCURRENCY = YES;
				SWIFT_EMIT_LOC_STRINGS = YES;
				SWIFT_OBJC_BRIDGING_HEADER = "vfs/VFS-Bridging-Header.h";
				SWIFT_UPCOMING_FEATURE_MEMBER_IMPORT_VISIBILITY = YES;
				SWIFT_VERSION = 5.0;
			};
			name = Debug;
		};
		55FBB02C2F8189F000514AED /* Release */ = {
			isa = XCBuildConfiguration;
			buildSettings = {
				ASSETCATALOG_COMPILER_APPICON_NAME = "$(APP_ICON_NAME)";
				CODE_SIGN_ENTITLEMENTS = vfs/vfs.entitlements;
				CODE_SIGN_STYLE = Automatic;
				CURRENT_PROJECT_VERSION = 1;
				DEVELOPMENT_TEAM = 68994Z5PT3;
				ENABLE_APP_SANDBOX = YES;
				ENABLE_HARDENED_RUNTIME = YES;
				GENERATE_INFOPLIST_FILE = YES;
				INFOPLIST_FILE = vfs/Info.plist;
				INFOPLIST_KEY_CFBundleDisplayName = OSDrive;
				INFOPLIST_KEY_CFBundleName = OSDrive;
				INFOPLIST_KEY_NSHumanReadableCopyright = "";
				LD_RUNPATH_SEARCH_PATHS = (
					"$(inherited)",
					"@executable_path/../Frameworks",
					"@executable_path/../../../../Frameworks",
				);
				MARKETING_VERSION = 0.0.1;
				OSDRIVE_APP_GROUP_IDENTIFIER = "group.app.osdrive.app";
				OTHER_LDFLAGS = (
					"$(inherited)",
					"$(BUILT_PRODUCTS_DIR)/libosdrive_share.a",
				);
				PRODUCT_BUNDLE_IDENTIFIER = app.osdrive.app.vfs;
				PRODUCT_NAME = "$(TARGET_NAME)";
				SKIP_INSTALL = YES;
				STRING_CATALOG_GENERATE_SYMBOLS = YES;
				SWIFT_APPROACHABLE_CONCURRENCY = YES;
				SWIFT_EMIT_LOC_STRINGS = YES;
				SWIFT_OBJC_BRIDGING_HEADER = "vfs/VFS-Bridging-Header.h";
				SWIFT_UPCOMING_FEATURE_MEMBER_IMPORT_VISIBILITY = YES;
				SWIFT_VERSION = 5.0;
			};
			name = Release;
		};
		AA0000072F900000514AED01 /* Debug */ = {
			isa = XCBuildConfiguration;
			buildSettings = {
			};
			name = Debug;
		};
		AA0000082F900000514AED01 /* Release */ = {
			isa = XCBuildConfiguration;
			buildSettings = {
			};
			name = Release;
		};
/* End XCBuildConfiguration section */

/* Begin XCConfigurationList section */
		551E697E2F82655900FC9136 /* Build configuration list for PBXNativeTarget "share" */ = {
			isa = XCConfigurationList;
			buildConfigurations = (
				551E697B2F82655900FC9136 /* Debug */,
				551E697C2F82655900FC9136 /* Release */,
			);
			defaultConfigurationIsVisible = 0;
			defaultConfigurationName = Release;
		};
		55FBAFE62F81888000514AED /* Build configuration list for PBXProject "OSDrive" */ = {
			isa = XCConfigurationList;
			buildConfigurations = (
				55FBB00A2F81888300514AED /* Debug */,
				55FBB00B2F81888300514AED /* Release */,
			);
			defaultConfigurationIsVisible = 0;
			defaultConfigurationName = Release;
		};
		55FBB00C2F81888300514AED /* Build configuration list for PBXNativeTarget "desktop" */ = {
			isa = XCConfigurationList;
			buildConfigurations = (
				55FBB00D2F81888300514AED /* Debug */,
				55FBB00E2F81888300514AED /* Release */,
			);
			defaultConfigurationIsVisible = 0;
			defaultConfigurationName = Release;
		};
		55FBB02A2F8189F000514AED /* Build configuration list for PBXNativeTarget "vfs" */ = {
			isa = XCConfigurationList;
			buildConfigurations = (
				55FBB02B2F8189F000514AED /* Debug */,
				55FBB02C2F8189F000514AED /* Release */,
			);
			defaultConfigurationIsVisible = 0;
			defaultConfigurationName = Release;
		};
		AA0000042F900000514AED01 /* Build configuration list for PBXAggregateTarget "share-rust" */ = {
			isa = XCConfigurationList;
			buildConfigurations = (
				AA0000072F900000514AED01 /* Debug */,
				AA0000082F900000514AED01 /* Release */,
			);
			defaultConfigurationIsVisible = 0;
			defaultConfigurationName = Release;
		};
/* End XCConfigurationList section */
	};
	rootObject = 55FBAFE32F81888000514AED /* Project object */;
}
